
Microsoft Visual Studio Solution File, Format Version 12.00
# Visual Studio Version 17
VisualStudioVersion = 17.9.34622.214
MinimumVisualStudioVersion = 10.0.40219.1
Project("{9A19103F-16F7-4668-BE54-9A1E7A4F7556}") = "ObjectDetectionWPFML.Model", "ObjectDetectionWPFML.Model\ObjectDetectionWPFML.Model.csproj", "{8440D0E7-D965-42D3-9711-B28848C58939}"
EndProject
Project("{9A19103F-16F7-4668-BE54-9A1E7A4F7556}") = "PneumoniaDetection.Api", "PneumoniaDetection.Api\PneumoniaDetection.Api.csproj", "{063AE20C-D1DB-4C21-99A2-F318945C7E3A}"
EndProject
Global
	GlobalSection(SolutionConfigurationPlatforms) = preSolution
		Debug|Any CPU = Debug|Any CPU
		Release|Any CPU = Release|Any CPU
	EndGlobalSection
	GlobalSection(ProjectConfigurationPlatforms) = postSolution
		{8440D0E7-D965-42D3-9711-B28848C58939}.Debug|Any CPU.ActiveCfg = Debug|Any CPU
		{8440D0E7-D965-42D3-9711-B28848C58939}.Debug|Any CPU.Build.0 = Debug|Any CPU
		{8440D0E7-D965-42D3-9711-B28848C58939}.Release|Any CPU.ActiveCfg = Release|Any CPU
		{8440D0E7-D965-42D3-9711-B28848C58939}.Release|Any CPU.Build.0 = Release|Any CPU
		{063AE20C-D1DB-4C21-99A2-F318945C7E3A}.Debug|Any CPU.ActiveCfg = Debug|Any CPU
		{063AE20C-D1DB-4C21-99A2-F318945C7E3A}.Debug|Any CPU.Build.0 = Debug|Any CPU
		{063AE20C-D1DB-4C21-99A2-F318945C7E3A}.Release|Any CPU.ActiveCfg = Release|Any CPU
		{063AE20C-D1DB-4C21-99A2-F318945C7E3A}.Release|Any CPU.Build.0 = Release|Any CPU
	EndGlobalSection
	GlobalSection(SolutionProperties) = preSolution
		HideSolutionNode = FALSE
	EndGlobalSection
	GlobalSection(ExtensibilityGlobals) = postSolution
		SolutionGuid = {74AE89B7-0923-4C87-96E9-5B5C621F5FCD}
	EndGlobalSection
EndGlobal
